
Microsoft Visual Studio Solution File, Format Version 12.00
# Visual Studio 14
VisualStudioVersion = 14.0.25123.0
MinimumVisualStudioVersion = 10.0.40219.1
Project("{FAE04EC0-301F-11D3-BF4B-00C04F79EFBC}") = "Lucky.Core", "Lucky.Core\Lucky.Core.csproj", "{8AE7F2FC-C45B-46DF-9BDA-362CF8CD756E}"
EndProject
Project("{FAE04EC0-301F-11D3-BF4B-00C04F79EFBC}") = "Lucky.Hr.Core.Test", "Lucky.Core.Test\Lucky.Hr.Core.Test.csproj", "{2F93C72A-41EB-4B2C-AD23-EFD17D8E1FB3}"
EndProject
Project("{2150E333-8FDC-42A3-9474-1A3956D46DE8}") = "Test", "Test", "{F1C9E750-1A4B-4B2C-9B22-DE6188704AE0}"
EndProject
Project("{FAE04EC0-301F-11D3-BF4B-00C04F79EFBC}") = "Lucky.Entity", "Lucky.Entity\Lucky.Entity.csproj", "{B1F36FFD-AA17-475E-8287-7C6BC3F0CA45}"
EndProject
Project("{FAE04EC0-301F-11D3-BF4B-00C04F79EFBC}") = "Lucky.Web.Framework", "Lucky.Web.Framework\Lucky.Web.Framework.csproj", "{7F61427B-0B58-4D69-8408-64DCA39D4A75}"
EndProject
Project("{2150E333-8FDC-42A3-9474-1A3956D46DE8}") = "Plugins", "Plugins", "{E432E27D-5FD6-4CCD-B233-FF9643B1665C}"
EndProject
Project("{FAE04EC0-301F-11D3-BF4B-00C04F79EFBC}") = "Lucky.Hr.WebSite", "Lucky.WebSite\Lucky.Hr.WebSite.csproj", "{4E223A27-15E4-4F4D-A850-3209EB1C666A}"
EndProject
Project("{2150E333-8FDC-42A3-9474-1A3956D46DE8}") = "Lucky.Controls", "Lucky.Controls", "{52BE1E73-F864-4990-B225-4D7F9DC66589}"
EndProject
Project("{FAE04EC0-301F-11D3-BF4B-00C04F79EFBC}") = "Lucky.Hr.GridMvc", "Lucky.GridMvc\Lucky.Hr.GridMvc.csproj", "{742CA5DD-16DB-464A-A267-A1F4E422733B}"
EndProject
Project("{FAE04EC0-301F-11D3-BF4B-00C04F79EFBC}") = "Lucky.Hr.MvcPager", "Lucky.MvcPager\Lucky.Hr.MvcPager.csproj", "{FBC21132-7DAB-4315-ABE3-020A0607270C}"
EndProject
Project("{FAE04EC0-301F-11D3-BF4B-00C04F79EFBC}") = "Lucky.Hr.SiteManager", "Lucky.WebSite\SiteManager\Lucky.Hr.SiteManager.csproj", "{3F71CC0D-B87B-4BDD-A9EA-5A56CBC87E4F}"
EndProject
Project("{FAE04EC0-301F-11D3-BF4B-00C04F79EFBC}") = "Lucky.IService", "Lucky.IService\Lucky.IService.csproj", "{C61AF106-538F-4C42-BE56-1FEE125F91FD}"
EndProject
Project("{FAE04EC0-301F-11D3-BF4B-00C04F79EFBC}") = "Lucky.Service", "Lucky.Service\Lucky.Service.csproj", "{2872F643-DBC1-4C44-AEEF-EFDF2C368ABC}"
EndProject
Project("{2150E333-8FDC-42A3-9474-1A3956D46DE8}") = "Presentation", "Presentation", "{63AC1F47-4F73-4FC1-B11E-4BCEE7E79C4D}"
EndProject
Project("{2150E333-8FDC-42A3-9474-1A3956D46DE8}") = "Libraries", "Libraries", "{F774F1C5-FCAB-4C97-8583-1AC30BD35A52}"
EndProject
Project("{FAE04EC0-301F-11D3-BF4B-00C04F79EFBC}") = "Lucky.Hr.ViewModels", "Lucky.ViewModels\Lucky.Hr.ViewModels.csproj", "{B0DAC2C8-D84C-4DB7-AA0E-6659B1ECB77D}"
EndProject
Project("{FAE04EC0-301F-11D3-BF4B-00C04F79EFBC}") = "Lucky.Hr.ApiService", "Lucky.ApiService\Lucky.Hr.ApiService.csproj", "{60FA495B-BE6D-4137-9FBD-3A773F8C30A1}"
EndProject
Global
	GlobalSection(SolutionConfigurationPlatforms) = preSolution
		Debug|Any CPU = Debug|Any CPU
		Release|Any CPU = Release|Any CPU
	EndGlobalSection
	GlobalSection(ProjectConfigurationPlatforms) = postSolution
		{8AE7F2FC-C45B-46DF-9BDA-362CF8CD756E}.Debug|Any CPU.ActiveCfg = Debug|Any CPU
		{8AE7F2FC-C45B-46DF-9BDA-362CF8CD756E}.Debug|Any CPU.Build.0 = Debug|Any CPU
		{8AE7F2FC-C45B-46DF-9BDA-362CF8CD756E}.Release|Any CPU.ActiveCfg = Release|Any CPU
		{8AE7F2FC-C45B-46DF-9BDA-362CF8CD756E}.Release|Any CPU.Build.0 = Release|Any CPU
		{2F93C72A-41EB-4B2C-AD23-EFD17D8E1FB3}.Debug|Any CPU.ActiveCfg = Debug|Any CPU
		{2F93C72A-41EB-4B2C-AD23-EFD17D8E1FB3}.Debug|Any CPU.Build.0 = Debug|Any CPU
		{2F93C72A-41EB-4B2C-AD23-EFD17D8E1FB3}.Release|Any CPU.ActiveCfg = Release|Any CPU
		{2F93C72A-41EB-4B2C-AD23-EFD17D8E1FB3}.Release|Any CPU.Build.0 = Release|Any CPU
		{B1F36FFD-AA17-475E-8287-7C6BC3F0CA45}.Debug|Any CPU.ActiveCfg = Debug|Any CPU
		{B1F36FFD-AA17-475E-8287-7C6BC3F0CA45}.Debug|Any CPU.Build.0 = Debug|Any CPU
		{B1F36FFD-AA17-475E-8287-7C6BC3F0CA45}.Release|Any CPU.ActiveCfg = Release|Any CPU
		{B1F36FFD-AA17-475E-8287-7C6BC3F0CA45}.Release|Any CPU.Build.0 = Release|Any CPU
		{7F61427B-0B58-4D69-8408-64DCA39D4A75}.Debug|Any CPU.ActiveCfg = Debug|Any CPU
		{7F61427B-0B58-4D69-8408-64DCA39D4A75}.Debug|Any CPU.Build.0 = Debug|Any CPU
		{7F61427B-0B58-4D69-8408-64DCA39D4A75}.Release|Any CPU.ActiveCfg = Release|Any CPU
		{7F61427B-0B58-4D69-8408-64DCA39D4A75}.Release|Any CPU.Build.0 = Release|Any CPU
		{4E223A27-15E4-4F4D-A850-3209EB1C666A}.Debug|Any CPU.ActiveCfg = Debug|Any CPU
		{4E223A27-15E4-4F4D-A850-3209EB1C666A}.Debug|Any CPU.Build.0 = Debug|Any CPU
		{4E223A27-15E4-4F4D-A850-3209EB1C666A}.Release|Any CPU.ActiveCfg = Release|Any CPU
		{4E223A27-15E4-4F4D-A850-3209EB1C666A}.Release|Any CPU.Build.0 = Release|Any CPU
		{742CA5DD-16DB-464A-A267-A1F4E422733B}.Debug|Any CPU.ActiveCfg = Debug|Any CPU
		{742CA5DD-16DB-464A-A267-A1F4E422733B}.Debug|Any CPU.Build.0 = Debug|Any CPU
		{742CA5DD-16DB-464A-A267-A1F4E422733B}.Release|Any CPU.ActiveCfg = Release|Any CPU
		{742CA5DD-16DB-464A-A267-A1F4E422733B}.Release|Any CPU.Build.0 = Release|Any CPU
		{FBC21132-7DAB-4315-ABE3-020A0607270C}.Debug|Any CPU.ActiveCfg = Debug|Any CPU
		{FBC21132-7DAB-4315-ABE3-020A0607270C}.Debug|Any CPU.Build.0 = Debug|Any CPU
		{FBC21132-7DAB-4315-ABE3-020A0607270C}.Release|Any CPU.ActiveCfg = Release|Any CPU
		{FBC21132-7DAB-4315-ABE3-020A0607270C}.Release|Any CPU.Build.0 = Release|Any CPU
		{3F71CC0D-B87B-4BDD-A9EA-5A56CBC87E4F}.Debug|Any CPU.ActiveCfg = Debug|Any CPU
		{3F71CC0D-B87B-4BDD-A9EA-5A56CBC87E4F}.Debug|Any CPU.Build.0 = Debug|Any CPU
		{3F71CC0D-B87B-4BDD-A9EA-5A56CBC87E4F}.Release|Any CPU.ActiveCfg = Release|Any CPU
		{3F71CC0D-B87B-4BDD-A9EA-5A56CBC87E4F}.Release|Any CPU.Build.0 = Release|Any CPU
		{C61AF106-538F-4C42-BE56-1FEE125F91FD}.Debug|Any CPU.ActiveCfg = Debug|Any CPU
		{C61AF106-538F-4C42-BE56-1FEE125F91FD}.Debug|Any CPU.Build.0 = Debug|Any CPU
		{C61AF106-538F-4C42-BE56-1FEE125F91FD}.Release|Any CPU.ActiveCfg = Release|Any CPU
		{C61AF106-538F-4C42-BE56-1FEE125F91FD}.Release|Any CPU.Build.0 = Release|Any CPU
		{2872F643-DBC1-4C44-AEEF-EFDF2C368ABC}.Debug|Any CPU.ActiveCfg = Debug|Any CPU
		{2872F643-DBC1-4C44-AEEF-EFDF2C368ABC}.Debug|Any CPU.Build.0 = Debug|Any CPU
		{2872F643-DBC1-4C44-AEEF-EFDF2C368ABC}.Release|Any CPU.ActiveCfg = Release|Any CPU
		{2872F643-DBC1-4C44-AEEF-EFDF2C368ABC}.Release|Any CPU.Build.0 = Release|Any CPU
		{B0DAC2C8-D84C-4DB7-AA0E-6659B1ECB77D}.Debug|Any CPU.ActiveCfg = Debug|Any CPU
		{B0DAC2C8-D84C-4DB7-AA0E-6659B1ECB77D}.Debug|Any CPU.Build.0 = Debug|Any CPU
		{B0DAC2C8-D84C-4DB7-AA0E-6659B1ECB77D}.Release|Any CPU.ActiveCfg = Release|Any CPU
		{B0DAC2C8-D84C-4DB7-AA0E-6659B1ECB77D}.Release|Any CPU.Build.0 = Release|Any CPU
		{60FA495B-BE6D-4137-9FBD-3A773F8C30A1}.Debug|Any CPU.ActiveCfg = Debug|Any CPU
		{60FA495B-BE6D-4137-9FBD-3A773F8C30A1}.Debug|Any CPU.Build.0 = Debug|Any CPU
		{60FA495B-BE6D-4137-9FBD-3A773F8C30A1}.Release|Any CPU.ActiveCfg = Release|Any CPU
		{60FA495B-BE6D-4137-9FBD-3A773F8C30A1}.Release|Any CPU.Build.0 = Release|Any CPU
	EndGlobalSection
	GlobalSection(SolutionProperties) = preSolution
		HideSolutionNode = FALSE
	EndGlobalSection
	GlobalSection(NestedProjects) = preSolution
		{8AE7F2FC-C45B-46DF-9BDA-362CF8CD756E} = {F774F1C5-FCAB-4C97-8583-1AC30BD35A52}
		{2F93C72A-41EB-4B2C-AD23-EFD17D8E1FB3} = {F1C9E750-1A4B-4B2C-9B22-DE6188704AE0}
		{B1F36FFD-AA17-475E-8287-7C6BC3F0CA45} = {F774F1C5-FCAB-4C97-8583-1AC30BD35A52}
		{7F61427B-0B58-4D69-8408-64DCA39D4A75} = {63AC1F47-4F73-4FC1-B11E-4BCEE7E79C4D}
		{4E223A27-15E4-4F4D-A850-3209EB1C666A} = {63AC1F47-4F73-4FC1-B11E-4BCEE7E79C4D}
		{742CA5DD-16DB-464A-A267-A1F4E422733B} = {52BE1E73-F864-4990-B225-4D7F9DC66589}
		{FBC21132-7DAB-4315-ABE3-020A0607270C} = {52BE1E73-F864-4990-B225-4D7F9DC66589}
		{3F71CC0D-B87B-4BDD-A9EA-5A56CBC87E4F} = {63AC1F47-4F73-4FC1-B11E-4BCEE7E79C4D}
		{C61AF106-538F-4C42-BE56-1FEE125F91FD} = {F774F1C5-FCAB-4C97-8583-1AC30BD35A52}
		{2872F643-DBC1-4C44-AEEF-EFDF2C368ABC} = {F774F1C5-FCAB-4C97-8583-1AC30BD35A52}
		{B0DAC2C8-D84C-4DB7-AA0E-6659B1ECB77D} = {63AC1F47-4F73-4FC1-B11E-4BCEE7E79C4D}
		{60FA495B-BE6D-4137-9FBD-3A773F8C30A1} = {63AC1F47-4F73-4FC1-B11E-4BCEE7E79C4D}
	EndGlobalSection
	GlobalSection(ExtensibilityGlobals) = postSolution
		VisualSVNWorkingCopyRoot = .
	EndGlobalSection
EndGlobal
